
Microsoft Visual Studio Solution File, Format Version 12.00
# Visual Studio Version 17
VisualStudioVersion = 17.4.33110.190
MinimumVisualStudioVersion = 10.0.40219.1
Project("{FAE04EC0-301F-11D3-BF4B-00C04F79EFBC}") = "Veicolo", "Veicolo\Veicolo.csproj", "{B8F689B6-4B1E-4379-93B3-A54E32F4046D}"
EndProject
Project("{FAE04EC0-301F-11D3-BF4B-00C04F79EFBC}") = "ClassLibrary1", "ClassLibrary1\ClassLibrary1.csproj", "{4F1E9B08-A8BF-46B7-8B61-FCD4F599DFCC}"
EndProject
Global
	GlobalSection(SolutionConfigurationPlatforms) = preSolution
		Debug|Any CPU = Debug|Any CPU
		Release|Any CPU = Release|Any CPU
	EndGlobalSection
	GlobalSection(ProjectConfigurationPlatforms) = postSolution
		{B8F689B6-4B1E-4379-93B3-A54E32F4046D}.Debug|Any CPU.ActiveCfg = Debug|Any CPU
		{B8F689B6-4B1E-4379-93B3-A54E32F4046D}.Debug|Any CPU.Build.0 = Debug|Any CPU
		{B8F689B6-4B1E-4379-93B3-A54E32F4046D}.Release|Any CPU.ActiveCfg = Release|Any CPU
		{B8F689B6-4B1E-4379-93B3-A54E32F4046D}.Release|Any CPU.Build.0 = Release|Any CPU
		{4F1E9B08-A8BF-46B7-8B61-FCD4F599DFCC}.Debug|Any CPU.ActiveCfg = Debug|Any CPU
		{4F1E9B08-A8BF-46B7-8B61-FCD4F599DFCC}.Debug|Any CPU.Build.0 = Debug|Any CPU
		{4F1E9B08-A8BF-46B7-8B61-FCD4F599DFCC}.Release|Any CPU.ActiveCfg = Release|Any CPU
		{4F1E9B08-A8BF-46B7-8B61-FCD4F599DFCC}.Release|Any CPU.Build.0 = Release|Any CPU
	EndGlobalSection
	GlobalSection(SolutionProperties) = preSolution
		HideSolutionNode = FALSE
	EndGlobalSection
	GlobalSection(ExtensibilityGlobals) = postSolution
		SolutionGuid = {E18ACF91-F718-48A8-AED5-376CF9A53629}
	EndGlobalSection
EndGlobal
